
Microsoft Visual Studio Solution File, Format Version 12.00
# Visual Studio Version 17
VisualStudioVersion = 17.6.33815.320
MinimumVisualStudioVersion = 10.0.40219.1
Project("{FAE04EC0-301F-11D3-BF4B-00C04F79EFBC}") = "Reto_2", "Reto_2\Reto_2.csproj", "{BCEF07D8-3733-48E7-8157-E84354D30010}"
EndProject
Global
	GlobalSection(SolutionConfigurationPlatforms) = preSolution
		Debug|Any CPU = Debug|Any CPU
		Release|Any CPU = Release|Any CPU
	EndGlobalSection
	GlobalSection(ProjectConfigurationPlatforms) = postSolution
		{BCEF07D8-3733-48E7-8157-E84354D30010}.Debug|Any CPU.ActiveCfg = Debug|Any CPU
		{BCEF07D8-3733-48E7-8157-E84354D30010}.Debug|Any CPU.Build.0 = Debug|Any CPU
		{BCEF07D8-3733-48E7-8157-E84354D30010}.Release|Any CPU.ActiveCfg = Release|Any CPU
		{BCEF07D8-3733-48E7-8157-E84354D30010}.Release|Any CPU.Build.0 = Release|Any CPU
	EndGlobalSection
	GlobalSection(SolutionProperties) = preSolution
		HideSolutionNode = FALSE
	EndGlobalSection
	GlobalSection(ExtensibilityGlobals) = postSolution
		SolutionGuid = {9BE89605-282B-46A1-A14B-C363652F5D17}
	EndGlobalSection
EndGlobal
